{
    "name": "tactical-intervention-revived",
    "version": "1.0.7",
    "lockfileVersion": 2,
    "requires": true,
    "packages": {
        "": {
            "name": "tactical-intervention-revived",
            "version": "1.0.7",
            "hasInstallScript": true,
            "license": "MIT"
        }
    }
}
